// !$*UTF8*$!
{
	archiveVersion = 1;
	classes = {
	};
	objectVersion = 55;
	objects = {

/* Begin PBXBuildFile section */
		E2E541E628EAD41C007D88C0 /* AppDelegate.swift in Sources */ = {isa = PBXBuildFile; fileRef = E2E541E528EAD41C007D88C0 /* AppDelegate.swift */; };
		E2E541EA28EAD41C007D88C0 /* ViewController.swift in Sources */ = {isa = PBXBuildFile; fileRef = E2E541E928EAD41C007D88C0 /* ViewController.swift */; };
		E2E541EF28EAD41E007D88C0 /* Assets.xcassets in Resources */ = {isa = PBXBuildFile; fileRef = E2E541EE28EAD41E007D88C0 /* Assets.xcassets */; };
		E2E541F228EAD41E007D88C0 /* LaunchScreen.storyboard in Resources */ = {isa = PBXBuildFile; fileRef = E2E541F028EAD41E007D88C0 /* LaunchScreen.storyboard */; };
		E2EC520E28EB5B39006397B2 /* DPLogger.swift in Sources */ = {isa = PBXBuildFile; fileRef = E2EC520D28EB5B39006397B2 /* DPLogger.swift */; };
		E2EC521028EB6E3A006397B2 /* DPLoggerProtocol.swift in Sources */ = {isa = PBXBuildFile; fileRef = E2EC520F28EB6E3A006397B2 /* DPLoggerProtocol.swift */; };
		E2EC521228EB6E4F006397B2 /* DPNormalLogger.swift in Sources */ = {isa = PBXBuildFile; fileRef = E2EC521128EB6E4F006397B2 /* DPNormalLogger.swift */; };
		E2EC521428EB6E5D006397B2 /* DPParametersLogger.swift in Sources */ = {isa = PBXBuildFile; fileRef = E2EC521328EB6E5C006397B2 /* DPParametersLogger.swift */; };
		E2EC521628EB6E6A006397B2 /* DPLoggerParameter.swift in Sources */ = {isa = PBXBuildFile; fileRef = E2EC521528EB6E6A006397B2 /* DPLoggerParameter.swift */; };
		E2EC521828EB73EF006397B2 /* DPErrorLogger.swift in Sources */ = {isa = PBXBuildFile; fileRef = E2EC521728EB73EF006397B2 /* DPErrorLogger.swift */; };
/* End PBXBuildFile section */

/* Begin PBXFileReference section */
		E2E541E228EAD41C007D88C0 /* Demo.app */ = {isa = PBXFileReference; explicitFileType = wrapper.application; includeInIndex = 0; path = Demo.app; sourceTree = BUILT_PRODUCTS_DIR; };
		E2E541E528EAD41C007D88C0 /* AppDelegate.swift */ = {isa = PBXFileReference; lastKnownFileType = sourcecode.swift; path = AppDelegate.swift; sourceTree = "<group>"; };
		E2E541E928EAD41C007D88C0 /* ViewController.swift */ = {isa = PBXFileReference; lastKnownFileType = sourcecode.swift; path = ViewController.swift; sourceTree = "<group>"; };
		E2E541EE28EAD41E007D88C0 /* Assets.xcassets */ = {isa = PBXFileReference; lastKnownFileType = folder.assetcatalog; path = Assets.xcassets; sourceTree = "<group>"; };
		E2E541F128EAD41E007D88C0 /* Base */ = {isa = PBXFileReference; lastKnownFileType = file.storyboard; name = Base; path = Base.lproj/LaunchScreen.storyboard; sourceTree = "<group>"; };
		E2E541F328EAD41E007D88C0 /* Info.plist */ = {isa = PBXFileReference; lastKnownFileType = text.plist.xml; path = Info.plist; sourceTree = "<group>"; };
		E2E541FA28EAD4B5007D88C0 /* DPLogger-swift */ = {isa = PBXFileReference; lastKnownFileType = wrapper; name = "DPLogger-swift"; path = ..; sourceTree = "<group>"; };
		E2EC520D28EB5B39006397B2 /* DPLogger.swift */ = {isa = PBXFileReference; lastKnownFileType = sourcecode.swift; path = DPLogger.swift; sourceTree = "<group>"; };
		E2EC520F28EB6E3A006397B2 /* DPLoggerProtocol.swift */ = {isa = PBXFileReference; lastKnownFileType = sourcecode.swift; path = DPLoggerProtocol.swift; sourceTree = "<group>"; };
		E2EC521128EB6E4F006397B2 /* DPNormalLogger.swift */ = {isa = PBXFileReference; lastKnownFileType = sourcecode.swift; path = DPNormalLogger.swift; sourceTree = "<group>"; };
		E2EC521328EB6E5C006397B2 /* DPParametersLogger.swift */ = {isa = PBXFileReference; lastKnownFileType = sourcecode.swift; path = DPParametersLogger.swift; sourceTree = "<group>"; };
		E2EC521528EB6E6A006397B2 /* DPLoggerParameter.swift */ = {isa = PBXFileReference; lastKnownFileType = sourcecode.swift; path = DPLoggerParameter.swift; sourceTree = "<group>"; };
		E2EC521728EB73EF006397B2 /* DPErrorLogger.swift */ = {isa = PBXFileReference; lastKnownFileType = sourcecode.swift; path = DPErrorLogger.swift; sourceTree = "<group>"; };
/* End PBXFileReference section */

/* Begin PBXFrameworksBuildPhase section */
		E2E541DF28EAD41C007D88C0 /* Frameworks */ = {
			isa = PBXFrameworksBuildPhase;
			buildActionMask = 2147483647;
			files = (
			);
			runOnlyForDeploymentPostprocessing = 0;
		};
/* End PBXFrameworksBuildPhase section */

/* Begin PBXGroup section */
		E2E541D928EAD41C007D88C0 = {
			isa = PBXGroup;
			children = (
				E2E541F928EAD4B5007D88C0 /* Packages */,
				E2E541E428EAD41C007D88C0 /* Demo */,
				E2E541E328EAD41C007D88C0 /* Products */,
			);
			sourceTree = "<group>";
		};
		E2E541E328EAD41C007D88C0 /* Products */ = {
			isa = PBXGroup;
			children = (
				E2E541E228EAD41C007D88C0 /* Demo.app */,
			);
			name = Products;
			sourceTree = "<group>";
		};
		E2E541E428EAD41C007D88C0 /* Demo */ = {
			isa = PBXGroup;
			children = (
				E2E541FB28EAD4C7007D88C0 /* Lib */,
				E2E541E528EAD41C007D88C0 /* AppDelegate.swift */,
				E2E541E928EAD41C007D88C0 /* ViewController.swift */,
				E2E541EE28EAD41E007D88C0 /* Assets.xcassets */,
				E2E541F028EAD41E007D88C0 /* LaunchScreen.storyboard */,
				E2E541F328EAD41E007D88C0 /* Info.plist */,
			);
			path = Demo;
			sourceTree = "<group>";
		};
		E2E541F928EAD4B5007D88C0 /* Packages */ = {
			isa = PBXGroup;
			children = (
				E2E541FA28EAD4B5007D88C0 /* DPLogger-swift */,
			);
			name = Packages;
			sourceTree = "<group>";
		};
		E2E541FB28EAD4C7007D88C0 /* Lib */ = {
			isa = PBXGroup;
			children = (
				E2EC520D28EB5B39006397B2 /* DPLogger.swift */,
				E2EC520F28EB6E3A006397B2 /* DPLoggerProtocol.swift */,
				E2EC521128EB6E4F006397B2 /* DPNormalLogger.swift */,
				E2EC521328EB6E5C006397B2 /* DPParametersLogger.swift */,
				E2EC521528EB6E6A006397B2 /* DPLoggerParameter.swift */,
				E2EC521728EB73EF006397B2 /* DPErrorLogger.swift */,
			);
			path = Lib;
			sourceTree = "<group>";
		};
/* End PBXGroup section */

/* Begin PBXNativeTarget section */
		E2E541E128EAD41C007D88C0 /* Demo */ = {
			isa = PBXNativeTarget;
			buildConfigurationList = E2E541F628EAD41E007D88C0 /* Build configuration list for PBXNativeTarget "Demo" */;
			buildPhases = (
				E2E541DE28EAD41C007D88C0 /* Sources */,
				E2E541DF28EAD41C007D88C0 /* Frameworks */,
				E2E541E028EAD41C007D88C0 /* Resources */,
			);
			buildRules = (
			);
			dependencies = (
			);
			name = Demo;
			productName = Demo;
			productReference = E2E541E228EAD41C007D88C0 /* Demo.app */;
			productType = "com.apple.product-type.application";
		};
/* End PBXNativeTarget section */

/* Begin PBXProject section */
		E2E541DA28EAD41C007D88C0 /* Project object */ = {
			isa = PBXProject;
			attributes = {
				BuildIndependentTargetsInParallel = 1;
				LastSwiftUpdateCheck = 1340;
				LastUpgradeCheck = 1340;
				TargetAttributes = {
					E2E541E128EAD41C007D88C0 = {
						CreatedOnToolsVersion = 13.4.1;
					};
				};
			};
			buildConfigurationList = E2E541DD28EAD41C007D88C0 /* Build configuration list for PBXProject "Demo" */;
			compatibilityVersion = "Xcode 13.0";
			developmentRegion = en;
			hasScannedForEncodings = 0;
			knownRegions = (
				en,
				Base,
			);
			mainGroup = E2E541D928EAD41C007D88C0;
			productRefGroup = E2E541E328EAD41C007D88C0 /* Products */;
			projectDirPath = "";
			projectRoot = "";
			targets = (
				E2E541E128EAD41C007D88C0 /* Demo */,
			);
		};
/* End PBXProject section */

/* Begin PBXResourcesBuildPhase section */
		E2E541E028EAD41C007D88C0 /* Resources */ = {
			isa = PBXResourcesBuildPhase;
			buildActionMask = 2147483647;
			files = (
				E2E541F228EAD41E007D88C0 /* LaunchScreen.storyboard in Resources */,
				E2E541EF28EAD41E007D88C0 /* Assets.xcassets in Resources */,
			);
			runOnlyForDeploymentPostprocessing = 0;
		};
/* End PBXResourcesBuildPhase section */

/* Begin PBXSourcesBuildPhase section */
		E2E541DE28EAD41C007D88C0 /* Sources */ = {
			isa = PBXSourcesBuildPhase;
			buildActionMask = 2147483647;
			files = (
				E2EC520E28EB5B39006397B2 /* DPLogger.swift in Sources */,
				E2E541EA28EAD41C007D88C0 /* ViewController.swift in Sources */,
				E2EC521628EB6E6A006397B2 /* DPLoggerParameter.swift in Sources */,
				E2E541E628EAD41C007D88C0 /* AppDelegate.swift in Sources */,
				E2EC521828EB73EF006397B2 /* DPErrorLogger.swift in Sources */,
				E2EC521428EB6E5D006397B2 /* DPParametersLogger.swift in Sources */,
				E2EC521028EB6E3A006397B2 /* DPLoggerProtocol.swift in Sources */,
				E2EC521228EB6E4F006397B2 /* DPNormalLogger.swift in Sources */,
			);
			runOnlyForDeploymentPostprocessing = 0;
		};
/* End PBXSourcesBuildPhase section */

/* Begin PBXVariantGroup section */
		E2E541F028EAD41E007D88C0 /* LaunchScreen.storyboard */ = {
			isa = PBXVariantGroup;
			children = (
				E2E541F128EAD41E007D88C0 /* Base */,
			);
			name = LaunchScreen.storyboard;
			sourceTree = "<group>";
		};
/* End PBXVariantGroup section */

/* Begin XCBuildConfiguration section */
		E2E541F428EAD41E007D88C0 /* Debug */ = {
			isa = XCBuildConfiguration;
			buildSettings = {
				ALWAYS_SEARCH_USER_PATHS = NO;
				CLANG_ANALYZER_NONNULL = YES;
				CLANG_ANALYZER_NUMBER_OBJECT_CONVERSION = YES_AGGRESSIVE;
				CLANG_CXX_LANGUAGE_STANDARD = "gnu++17";
				CLANG_ENABLE_MODULES = YES;
				CLANG_ENABLE_OBJC_ARC = YES;
				CLANG_ENABLE_OBJC_WEAK = YES;
				CLANG_WARN_BLOCK_CAPTURE_AUTORELEASING = YES;
				CLANG_WARN_BOOL_CONVERSION = YES;
				CLANG_WARN_COMMA = YES;
				CLANG_WARN_CONSTANT_CONVERSION = YES;
				CLANG_WARN_DEPRECATED_OBJC_IMPLEMENTATIONS = YES;
				CLANG_WARN_DIRECT_OBJC_ISA_USAGE = YES_ERROR;
				CLANG_WARN_DOCUMENTATION_COMMENTS = YES;
				CLANG_WARN_EMPTY_BODY = YES;
				CLANG_WARN_ENUM_CONVERSION = YES;
				CLANG_WARN_INFINITE_RECURSION = YES;
				CLANG_WARN_INT_CONVERSION = YES;
				CLANG_WARN_NON_LITERAL_NULL_CONVERSION = YES;
				CLANG_WARN_OBJC_IMPLICIT_RETAIN_SELF = YES;
				CLANG_WARN_OBJC_LITERAL_CONVERSION = YES;
				CLANG_WARN_OBJC_ROOT_CLASS = YES_ERROR;
				CLANG_WARN_QUOTED_INCLUDE_IN_FRAMEWORK_HEADER = YES;
				CLANG_WARN_RANGE_LOOP_ANALYSIS = YES;
				CLANG_WARN_STRICT_PROTOTYPES = YES;
				CLANG_WARN_SUSPICIOUS_MOVE = YES;
				CLANG_WARN_UNGUARDED_AVAILABILITY = YES_AGGRESSIVE;
				CLANG_WARN_UNREACHABLE_CODE = YES;
				CLANG_WARN__DUPLICATE_METHOD_MATCH = YES;
				COPY_PHASE_STRIP = NO;
				DEBUG_INFORMATION_FORMAT = dwarf;
				ENABLE_STRICT_OBJC_MSGSEND = YES;
				ENABLE_TESTABILITY = YES;
				GCC_C_LANGUAGE_STANDARD = gnu11;
				GCC_DYNAMIC_NO_PIC = NO;
				GCC_NO_COMMON_BLOCKS = YES;
				GCC_OPTIMIZATION_LEVEL = 0;
				GCC_PREPROCESSOR_DEFINITIONS = (
					"DEBUG=1",
					"$(inherited)",
				);
				GCC_WARN_64_TO_32_BIT_CONVERSION = YES;
				GCC_WARN_ABOUT_RETURN_TYPE = YES_ERROR;
				GCC_WARN_UNDECLARED_SELECTOR = YES;
				GCC_WARN_UNINITIALIZED_AUTOS = YES_AGGRESSIVE;
				GCC_WARN_UNUSED_FUNCTION = YES;
				GCC_WARN_UNUSED_VARIABLE = YES;
				IPHONEOS_DEPLOYMENT_TARGET = 11.0;
				MTL_ENABLE_DEBUG_INFO = INCLUDE_SOURCE;
				MTL_FAST_MATH = YES;
				ONLY_ACTIVE_ARCH = YES;
				SDKROOT = iphoneos;
				SWIFT_ACTIVE_COMPILATION_CONDITIONS = DEBUG;
				SWIFT_OPTIMIZATION_LEVEL = "-Onone";
			};
			name = Debug;
		};
		E2E541F528EAD41E007D88C0 /* Release */ = {
			isa = XCBuildConfiguration;
			buildSettings = {
				ALWAYS_SEARCH_USER_PATHS = NO;
				CLANG_ANALYZER_NONNULL = YES;
				CLANG_ANALYZER_NUMBER_OBJECT_CONVERSION = YES_AGGRESSIVE;
				CLANG_CXX_LANGUAGE_STANDARD = "gnu++17";
				CLANG_ENABLE_MODULES = YES;
				CLANG_ENABLE_OBJC_ARC = YES;
				CLANG_ENABLE_OBJC_WEAK = YES;
				CLANG_WARN_BLOCK_CAPTURE_AUTORELEASING = YES;
				CLANG_WARN_BOOL_CONVERSION = YES;
				CLANG_WARN_COMMA = YES;
				CLANG_WARN_CONSTANT_CONVERSION = YES;
				CLANG_WARN_DEPRECATED_OBJC_IMPLEMENTATIONS = YES;
				CLANG_WARN_DIRECT_OBJC_ISA_USAGE = YES_ERROR;
				CLANG_WARN_DOCUMENTATION_COMMENTS = YES;
				CLANG_WARN_EMPTY_BODY = YES;
				CLANG_WARN_ENUM_CONVERSION = YES;
				CLANG_WARN_INFINITE_RECURSION = YES;
				CLANG_WARN_INT_CONVERSION = YES;
				CLANG_WARN_NON_LITERAL_NULL_CONVERSION = YES;
				CLANG_WARN_OBJC_IMPLICIT_RETAIN_SELF = YES;
				CLANG_WARN_OBJC_LITERAL_CONVERSION = YES;
				CLANG_WARN_OBJC_ROOT_CLASS = YES_ERROR;
				CLANG_WARN_QUOTED_INCLUDE_IN_FRAMEWORK_HEADER = YES;
				CLANG_WARN_RANGE_LOOP_ANALYSIS = YES;
				CLANG_WARN_STRICT_PROTOTYPES = YES;
				CLANG_WARN_SUSPICIOUS_MOVE = YES;
				CLANG_WARN_UNGUARDED_AVAILABILITY = YES_AGGRESSIVE;
				CLANG_WARN_UNREACHABLE_CODE = YES;
				CLANG_WARN__DUPLICATE_METHOD_MATCH = YES;
				COPY_PHASE_STRIP = NO;
				DEBUG_INFORMATION_FORMAT = "dwarf-with-dsym";
				ENABLE_NS_ASSERTIONS = NO;
				ENABLE_STRICT_OBJC_MSGSEND = YES;
				GCC_C_LANGUAGE_STANDARD = gnu11;
				GCC_NO_COMMON_BLOCKS = YES;
				GCC_WARN_64_TO_32_BIT_CONVERSION = YES;
				GCC_WARN_ABOUT_RETURN_TYPE = YES_ERROR;
				GCC_WARN_UNDECLARED_SELECTOR = YES;
				GCC_WARN_UNINITIALIZED_AUTOS = YES_AGGRESSIVE;
				GCC_WARN_UNUSED_FUNCTION = YES;
				GCC_WARN_UNUSED_VARIABLE = YES;
				IPHONEOS_DEPLOYMENT_TARGET = 11.0;
				MTL_ENABLE_DEBUG_INFO = NO;
				MTL_FAST_MATH = YES;
				SDKROOT = iphoneos;
				SWIFT_COMPILATION_MODE = wholemodule;
				SWIFT_OPTIMIZATION_LEVEL = "-O";
				VALIDATE_PRODUCT = YES;
			};
			name = Release;
		};
		E2E541F728EAD41E007D88C0 /* Debug */ = {
			isa = XCBuildConfiguration;
			buildSettings = {
				ASSETCATALOG_COMPILER_APPICON_NAME = AppIcon;
				ASSETCATALOG_COMPILER_GLOBAL_ACCENT_COLOR_NAME = AccentColor;
				CODE_SIGN_STYLE = Automatic;
				CURRENT_PROJECT_VERSION = 1;
				GENERATE_INFOPLIST_FILE = YES;
				INFOPLIST_FILE = Demo/Info.plist;
				INFOPLIST_KEY_UIApplicationSupportsIndirectInputEvents = YES;
				INFOPLIST_KEY_UILaunchStoryboardName = LaunchScreen;
				INFOPLIST_KEY_UISupportedInterfaceOrientations_iPad = "UIInterfaceOrientationPortrait UIInterfaceOrientationPortraitUpsideDown UIInterfaceOrientationLandscapeLeft UIInterfaceOrientationLandscapeRight";
				INFOPLIST_KEY_UISupportedInterfaceOrientations_iPhone = "UIInterfaceOrientationPortrait UIInterfaceOrientationLandscapeLeft UIInterfaceOrientationLandscapeRight";
				IPHONEOS_DEPLOYMENT_TARGET = 11.0;
				LD_RUNPATH_SEARCH_PATHS = (
					"$(inherited)",
					"@executable_path/Frameworks",
				);
				MARKETING_VERSION = 1.0;
				PRODUCT_BUNDLE_IDENTIFIER = ru.diman.Demo;
				PRODUCT_NAME = "$(TARGET_NAME)";
				SWIFT_EMIT_LOC_STRINGS = YES;
				SWIFT_VERSION = 5.0;
				TARGETED_DEVICE_FAMILY = 1;
			};
			name = Debug;
		};
		E2E541F828EAD41E007D88C0 /* Release */ = {
			isa = XCBuildConfiguration;
			buildSettings = {
				ASSETCATALOG_COMPILER_APPICON_NAME = AppIcon;
				ASSETCATALOG_COMPILER_GLOBAL_ACCENT_COLOR_NAME = AccentColor;
				CODE_SIGN_STYLE = Automatic;
				CURRENT_PROJECT_VERSION = 1;
				GENERATE_INFOPLIST_FILE = YES;
				INFOPLIST_FILE = Demo/Info.plist;
				INFOPLIST_KEY_UIApplicationSupportsIndirectInputEvents = YES;
				INFOPLIST_KEY_UILaunchStoryboardName = LaunchScreen;
				INFOPLIST_KEY_UISupportedInterfaceOrientations_iPad = "UIInterfaceOrientationPortrait UIInterfaceOrientationPortraitUpsideDown UIInterfaceOrientationLandscapeLeft UIInterfaceOrientationLandscapeRight";
				INFOPLIST_KEY_UISupportedInterfaceOrientations_iPhone = "UIInterfaceOrientationPortrait UIInterfaceOrientationLandscapeLeft UIInterfaceOrientationLandscapeRight";
				IPHONEOS_DEPLOYMENT_TARGET = 11.0;
				LD_RUNPATH_SEARCH_PATHS = (
					"$(inherited)",
					"@executable_path/Frameworks",
				);
				MARKETING_VERSION = 1.0;
				PRODUCT_BUNDLE_IDENTIFIER = ru.diman.Demo;
				PRODUCT_NAME = "$(TARGET_NAME)";
				SWIFT_EMIT_LOC_STRINGS = YES;
				SWIFT_VERSION = 5.0;
				TARGETED_DEVICE_FAMILY = 1;
			};
			name = Release;
		};
/* End XCBuildConfiguration section */

/* Begin XCConfigurationList section */
		E2E541DD28EAD41C007D88C0 /* Build configuration list for PBXProject "Demo" */ = {
			isa = XCConfigurationList;
			buildConfigurations = (
				E2E541F428EAD41E007D88C0 /* Debug */,
				E2E541F528EAD41E007D88C0 /* Release */,
			);
			defaultConfigurationIsVisible = 0;
			defaultConfigurationName = Release;
		};
		E2E541F628EAD41E007D88C0 /* Build configuration list for PBXNativeTarget "Demo" */ = {
			isa = XCConfigurationList;
			buildConfigurations = (
				E2E541F728EAD41E007D88C0 /* Debug */,
				E2E541F828EAD41E007D88C0 /* Release */,
			);
			defaultConfigurationIsVisible = 0;
			defaultConfigurationName = Release;
		};
/* End XCConfigurationList section */
	};
	rootObject = E2E541DA28EAD41C007D88C0 /* Project object */;
}
